// !$*UTF8*$!
{
	archiveVersion = 1;
	classes = {
	};
	objectVersion = 51;
	objects = {

/* Begin PBXBuildFile section */
		1367E4C994373516DE695E41 /* Pods_HarvestTracker.framework in Frameworks */ = {isa = PBXBuildFile; fileRef = F7F8D4207FBB68E47F972F7A /* Pods_HarvestTracker.framework */; };
		2FD077AF2523F6D20086BBDD /* TagView.swift in Sources */ = {isa = PBXBuildFile; fileRef = 2FD077AE2523F6D20086BBDD /* TagView.swift */; };
		A30D5BFF24FFC615000073AE /* AddCropView.swift in Sources */ = {isa = PBXBuildFile; fileRef = A30D5BFE24FFC615000073AE /* AddCropView.swift */; };
		A31E05242523520A00448C45 /* UserSettings.swift in Sources */ = {isa = PBXBuildFile; fileRef = A31E05232523520A00448C45 /* UserSettings.swift */; };
		A320188E250B9D5A0010943E /* TabNavigationView.swift in Sources */ = {isa = PBXBuildFile; fileRef = A320188D250B9D5A0010943E /* TabNavigationView.swift */; };
		A32CEFE82514D3560085A2EF /* HomeView.swift in Sources */ = {isa = PBXBuildFile; fileRef = A32CEFE72514D3560085A2EF /* HomeView.swift */; };
		A3490F1F252384E2002B7E15 /* TagListView.swift in Sources */ = {isa = PBXBuildFile; fileRef = A3490F1E252384E2002B7E15 /* TagListView.swift */; };
		A3490F2225238622002B7E15 /* AddTagView.swift in Sources */ = {isa = PBXBuildFile; fileRef = A3490F2125238622002B7E15 /* AddTagView.swift */; };
		A3490F2725238B9C002B7E15 /* Tag+CoreDataClass.swift in Sources */ = {isa = PBXBuildFile; fileRef = A3490F2525238B9C002B7E15 /* Tag+CoreDataClass.swift */; };
		A3490F2825238B9C002B7E15 /* Tag+CoreDataProperties.swift in Sources */ = {isa = PBXBuildFile; fileRef = A3490F2625238B9C002B7E15 /* Tag+CoreDataProperties.swift */; };
		A36230EF24FEE89E00A672FD /* CropDataDefault.swift in Sources */ = {isa = PBXBuildFile; fileRef = A36230EE24FEE89E00A672FD /* CropDataDefault.swift */; };
		A36230F124FFBDF800A672FD /* CropListView.swift in Sources */ = {isa = PBXBuildFile; fileRef = A36230F024FFBDF800A672FD /* CropListView.swift */; };
		A36230F324FFBF6600A672FD /* CropRowView.swift in Sources */ = {isa = PBXBuildFile; fileRef = A36230F224FFBF6600A672FD /* CropRowView.swift */; };
		A37236D42508F9A400BFF24C /* Crop+CoreDataClass.swift in Sources */ = {isa = PBXBuildFile; fileRef = A37236D02508F9A400BFF24C /* Crop+CoreDataClass.swift */; };
		A37236D52508F9A400BFF24C /* Crop+CoreDataProperties.swift in Sources */ = {isa = PBXBuildFile; fileRef = A37236D12508F9A400BFF24C /* Crop+CoreDataProperties.swift */; };
		A37236D62508F9A400BFF24C /* Harvest+CoreDataClass.swift in Sources */ = {isa = PBXBuildFile; fileRef = A37236D22508F9A400BFF24C /* Harvest+CoreDataClass.swift */; };
		A37236D72508F9A400BFF24C /* Harvest+CoreDataProperties.swift in Sources */ = {isa = PBXBuildFile; fileRef = A37236D32508F9A400BFF24C /* Harvest+CoreDataProperties.swift */; };
		A3841CE2253F06B80083CE06 /* LabelView.swift in Sources */ = {isa = PBXBuildFile; fileRef = A3841CE1253F06B80083CE06 /* LabelView.swift */; };
		A395A1EA25220B340062983D /* SettingsView.swift in Sources */ = {isa = PBXBuildFile; fileRef = A395A1E925220B340062983D /* SettingsView.swift */; };
		A3A739BA25011238005A2E5F /* HarvestTotalView.swift in Sources */ = {isa = PBXBuildFile; fileRef = A3A739B925011238005A2E5F /* HarvestTotalView.swift */; };
		A3A97F062539AD2B0010E093 /* TagViewCrop.swift in Sources */ = {isa = PBXBuildFile; fileRef = A3A97F052539AD2B0010E093 /* TagViewCrop.swift */; };
		A3AB02DD253871A0000783AE /* AnalysisView.swift in Sources */ = {isa = PBXBuildFile; fileRef = A3AB02DC253871A0000783AE /* AnalysisView.swift */; };
		A3BB4474252DEF6D00A01665 /* _FlexibleView.swift in Sources */ = {isa = PBXBuildFile; fileRef = A3BB4471252DEF6C00A01665 /* _FlexibleView.swift */; };
		A3BB4475252DEF6D00A01665 /* FlexibleView.swift in Sources */ = {isa = PBXBuildFile; fileRef = A3BB4472252DEF6D00A01665 /* FlexibleView.swift */; };
		A3BB4476252DEF6D00A01665 /* SizeReader.swift in Sources */ = {isa = PBXBuildFile; fileRef = A3BB4473252DEF6D00A01665 /* SizeReader.swift */; };
		A3BEF322253C60D7004409F0 /* CropListFilterView.swift in Sources */ = {isa = PBXBuildFile; fileRef = A3BEF321253C60D7004409F0 /* CropListFilterView.swift */; };
		A3BEF325253C61D2004409F0 /* CropRowFilterView.swift in Sources */ = {isa = PBXBuildFile; fileRef = A3BEF324253C61D2004409F0 /* CropRowFilterView.swift */; };
		A3BEF328253C653C004409F0 /* TagListFilterView.swift in Sources */ = {isa = PBXBuildFile; fileRef = A3BEF327253C653C004409F0 /* TagListFilterView.swift */; };
		A3BEF32B253C6609004409F0 /* TagRowFilterView.swift in Sources */ = {isa = PBXBuildFile; fileRef = A3BEF32A253C6609004409F0 /* TagRowFilterView.swift */; };
		A3C12B2E251CB5AE0021FAF0 /* BarChartCell.swift in Sources */ = {isa = PBXBuildFile; fileRef = A3C12B2D251CB5AE0021FAF0 /* BarChartCell.swift */; };
		A3C12B31251CB5B10021FAF0 /* BarChartRow.swift in Sources */ = {isa = PBXBuildFile; fileRef = A3C12B30251CB5B10021FAF0 /* BarChartRow.swift */; };
		A3C12B34251CB5B80021FAF0 /* BarChartView.swift in Sources */ = {isa = PBXBuildFile; fileRef = A3C12B33251CB5B80021FAF0 /* BarChartView.swift */; };
		A3C12B39251CB60C0021FAF0 /* Helpers.swift in Sources */ = {isa = PBXBuildFile; fileRef = A3C12B38251CB60C0021FAF0 /* Helpers.swift */; };
		A3C12B3F251CC92A0021FAF0 /* HarvestCalculator.swift in Sources */ = {isa = PBXBuildFile; fileRef = A3C12B3E251CC92A0021FAF0 /* HarvestCalculator.swift */; };
		A3D98B6924FA83F0003ED12E /* AppDelegate.swift in Sources */ = {isa = PBXBuildFile; fileRef = A3D98B6824FA83F0003ED12E /* AppDelegate.swift */; };
		A3D98B6B24FA83F0003ED12E /* SceneDelegate.swift in Sources */ = {isa = PBXBuildFile; fileRef = A3D98B6A24FA83F0003ED12E /* SceneDelegate.swift */; };
		A3D98B6E24FA83F0003ED12E /* HarvestTracker.xcdatamodeld in Sources */ = {isa = PBXBuildFile; fileRef = A3D98B6C24FA83F0003ED12E /* HarvestTracker.xcdatamodeld */; };
		A3D98B7024FA83F0003ED12E /* HarvestListView.swift in Sources */ = {isa = PBXBuildFile; fileRef = A3D98B6F24FA83F0003ED12E /* HarvestListView.swift */; };
		A3D98B7224FA83F4003ED12E /* Assets.xcassets in Resources */ = {isa = PBXBuildFile; fileRef = A3D98B7124FA83F4003ED12E /* Assets.xcassets */; };
		A3D98B7524FA83F4003ED12E /* Preview Assets.xcassets in Resources */ = {isa = PBXBuildFile; fileRef = A3D98B7424FA83F4003ED12E /* Preview Assets.xcassets */; };
		A3D98B7824FA83F4003ED12E /* LaunchScreen.storyboard in Resources */ = {isa = PBXBuildFile; fileRef = A3D98B7624FA83F4003ED12E /* LaunchScreen.storyboard */; };
		A3D98B8024FA85F1003ED12E /* HarvestRowView.swift in Sources */ = {isa = PBXBuildFile; fileRef = A3D98B7F24FA85F1003ED12E /* HarvestRowView.swift */; };
		A3D98B8224FA8691003ED12E /* AddHarvestView.swift in Sources */ = {isa = PBXBuildFile; fileRef = A3D98B8124FA8691003ED12E /* AddHarvestView.swift */; };
		A3EFDB77254591B500D84A61 /* OnboardingView.swift in Sources */ = {isa = PBXBuildFile; fileRef = A3EFDB76254591B500D84A61 /* OnboardingView.swift */; };
		A3EFDB7A254591D700D84A61 /* ViewRouter.swift in Sources */ = {isa = PBXBuildFile; fileRef = A3EFDB79254591D700D84A61 /* ViewRouter.swift */; };
		A3EFDB7D2545921200D84A61 /* MotherView.swift in Sources */ = {isa = PBXBuildFile; fileRef = A3EFDB7C2545921200D84A61 /* MotherView.swift */; };
/* End PBXBuildFile section */

/* Begin PBXFileReference section */
		2FD077AE2523F6D20086BBDD /* TagView.swift */ = {isa = PBXFileReference; lastKnownFileType = sourcecode.swift; path = TagView.swift; sourceTree = "<group>"; };
		72E8A5A459D57DFBB3E5462B /* Pods-HarvestTracker.release.xcconfig */ = {isa = PBXFileReference; includeInIndex = 1; lastKnownFileType = text.xcconfig; name = "Pods-HarvestTracker.release.xcconfig"; path = "Target Support Files/Pods-HarvestTracker/Pods-HarvestTracker.release.xcconfig"; sourceTree = "<group>"; };
		A30D5BFE24FFC615000073AE /* AddCropView.swift */ = {isa = PBXFileReference; lastKnownFileType = sourcecode.swift; path = AddCropView.swift; sourceTree = "<group>"; };
		A31E05232523520A00448C45 /* UserSettings.swift */ = {isa = PBXFileReference; lastKnownFileType = sourcecode.swift; path = UserSettings.swift; sourceTree = "<group>"; };
		A320188D250B9D5A0010943E /* TabNavigationView.swift */ = {isa = PBXFileReference; lastKnownFileType = sourcecode.swift; path = TabNavigationView.swift; sourceTree = "<group>"; };
		A32CEFE72514D3560085A2EF /* HomeView.swift */ = {isa = PBXFileReference; lastKnownFileType = sourcecode.swift; path = HomeView.swift; sourceTree = "<group>"; };
		A3490F1E252384E2002B7E15 /* TagListView.swift */ = {isa = PBXFileReference; lastKnownFileType = sourcecode.swift; path = TagListView.swift; sourceTree = "<group>"; };
		A3490F2125238622002B7E15 /* AddTagView.swift */ = {isa = PBXFileReference; lastKnownFileType = sourcecode.swift; path = AddTagView.swift; sourceTree = "<group>"; };
		A3490F2525238B9C002B7E15 /* Tag+CoreDataClass.swift */ = {isa = PBXFileReference; lastKnownFileType = sourcecode.swift; path = "Tag+CoreDataClass.swift"; sourceTree = SOURCE_ROOT; };
		A3490F2625238B9C002B7E15 /* Tag+CoreDataProperties.swift */ = {isa = PBXFileReference; lastKnownFileType = sourcecode.swift; path = "Tag+CoreDataProperties.swift"; sourceTree = SOURCE_ROOT; };
		A36230EE24FEE89E00A672FD /* CropDataDefault.swift */ = {isa = PBXFileReference; lastKnownFileType = sourcecode.swift; path = CropDataDefault.swift; sourceTree = "<group>"; };
		A36230F024FFBDF800A672FD /* CropListView.swift */ = {isa = PBXFileReference; lastKnownFileType = sourcecode.swift; path = CropListView.swift; sourceTree = "<group>"; };
		A36230F224FFBF6600A672FD /* CropRowView.swift */ = {isa = PBXFileReference; lastKnownFileType = sourcecode.swift; path = CropRowView.swift; sourceTree = "<group>"; };
		A37236D02508F9A400BFF24C /* Crop+CoreDataClass.swift */ = {isa = PBXFileReference; lastKnownFileType = sourcecode.swift; path = "Crop+CoreDataClass.swift"; sourceTree = "<group>"; };
		A37236D12508F9A400BFF24C /* Crop+CoreDataProperties.swift */ = {isa = PBXFileReference; lastKnownFileType = sourcecode.swift; path = "Crop+CoreDataProperties.swift"; sourceTree = "<group>"; };
		A37236D22508F9A400BFF24C /* Harvest+CoreDataClass.swift */ = {isa = PBXFileReference; lastKnownFileType = sourcecode.swift; path = "Harvest+CoreDataClass.swift"; sourceTree = "<group>"; };
		A37236D32508F9A400BFF24C /* Harvest+CoreDataProperties.swift */ = {isa = PBXFileReference; lastKnownFileType = sourcecode.swift; path = "Harvest+CoreDataProperties.swift"; sourceTree = "<group>"; };
		A3841CE1253F06B80083CE06 /* LabelView.swift */ = {isa = PBXFileReference; lastKnownFileType = sourcecode.swift; path = LabelView.swift; sourceTree = "<group>"; };
		A395A1E925220B340062983D /* SettingsView.swift */ = {isa = PBXFileReference; lastKnownFileType = sourcecode.swift; path = SettingsView.swift; sourceTree = SOURCE_ROOT; };
		A3A739B925011238005A2E5F /* HarvestTotalView.swift */ = {isa = PBXFileReference; lastKnownFileType = sourcecode.swift; path = HarvestTotalView.swift; sourceTree = "<group>"; };
		A3A97F052539AD2B0010E093 /* TagViewCrop.swift */ = {isa = PBXFileReference; lastKnownFileType = sourcecode.swift; path = TagViewCrop.swift; sourceTree = "<group>"; };
		A3AB02DC253871A0000783AE /* AnalysisView.swift */ = {isa = PBXFileReference; lastKnownFileType = sourcecode.swift; path = AnalysisView.swift; sourceTree = "<group>"; };
		A3BB4471252DEF6C00A01665 /* _FlexibleView.swift */ = {isa = PBXFileReference; fileEncoding = 4; lastKnownFileType = sourcecode.swift; path = _FlexibleView.swift; sourceTree = "<group>"; };
		A3BB4472252DEF6D00A01665 /* FlexibleView.swift */ = {isa = PBXFileReference; fileEncoding = 4; lastKnownFileType = sourcecode.swift; path = FlexibleView.swift; sourceTree = "<group>"; };
		A3BB4473252DEF6D00A01665 /* SizeReader.swift */ = {isa = PBXFileReference; fileEncoding = 4; lastKnownFileType = sourcecode.swift; path = SizeReader.swift; sourceTree = "<group>"; };
		A3BEF321253C60D7004409F0 /* CropListFilterView.swift */ = {isa = PBXFileReference; lastKnownFileType = sourcecode.swift; path = CropListFilterView.swift; sourceTree = "<group>"; };
		A3BEF324253C61D2004409F0 /* CropRowFilterView.swift */ = {isa = PBXFileReference; lastKnownFileType = sourcecode.swift; path = CropRowFilterView.swift; sourceTree = "<group>"; };
		A3BEF327253C653C004409F0 /* TagListFilterView.swift */ = {isa = PBXFileReference; lastKnownFileType = sourcecode.swift; path = TagListFilterView.swift; sourceTree = "<group>"; };
		A3BEF32A253C6609004409F0 /* TagRowFilterView.swift */ = {isa = PBXFileReference; lastKnownFileType = sourcecode.swift; path = TagRowFilterView.swift; sourceTree = "<group>"; };
		A3C12B2D251CB5AE0021FAF0 /* BarChartCell.swift */ = {isa = PBXFileReference; fileEncoding = 4; lastKnownFileType = sourcecode.swift; path = BarChartCell.swift; sourceTree = "<group>"; };
		A3C12B30251CB5B10021FAF0 /* BarChartRow.swift */ = {isa = PBXFileReference; lastKnownFileType = sourcecode.swift; path = BarChartRow.swift; sourceTree = "<group>"; };
		A3C12B33251CB5B80021FAF0 /* BarChartView.swift */ = {isa = PBXFileReference; lastKnownFileType = sourcecode.swift; path = BarChartView.swift; sourceTree = "<group>"; };
		A3C12B38251CB60C0021FAF0 /* Helpers.swift */ = {isa = PBXFileReference; lastKnownFileType = sourcecode.swift; path = Helpers.swift; sourceTree = "<group>"; };
		A3C12B3E251CC92A0021FAF0 /* HarvestCalculator.swift */ = {isa = PBXFileReference; lastKnownFileType = sourcecode.swift; path = HarvestCalculator.swift; sourceTree = "<group>"; };
		A3D98B6524FA83F0003ED12E /* HarvestTracker.app */ = {isa = PBXFileReference; explicitFileType = wrapper.application; includeInIndex = 0; path = HarvestTracker.app; sourceTree = BUILT_PRODUCTS_DIR; };
		A3D98B6824FA83F0003ED12E /* AppDelegate.swift */ = {isa = PBXFileReference; lastKnownFileType = sourcecode.swift; path = AppDelegate.swift; sourceTree = "<group>"; };
		A3D98B6A24FA83F0003ED12E /* SceneDelegate.swift */ = {isa = PBXFileReference; lastKnownFileType = sourcecode.swift; path = SceneDelegate.swift; sourceTree = "<group>"; };
		A3D98B6D24FA83F0003ED12E /* HarvestTracker.xcdatamodel */ = {isa = PBXFileReference; lastKnownFileType = wrapper.xcdatamodel; path = HarvestTracker.xcdatamodel; sourceTree = "<group>"; };
		A3D98B6F24FA83F0003ED12E /* HarvestListView.swift */ = {isa = PBXFileReference; lastKnownFileType = sourcecode.swift; path = HarvestListView.swift; sourceTree = "<group>"; };
		A3D98B7124FA83F4003ED12E /* Assets.xcassets */ = {isa = PBXFileReference; lastKnownFileType = folder.assetcatalog; path = Assets.xcassets; sourceTree = "<group>"; };
		A3D98B7424FA83F4003ED12E /* Preview Assets.xcassets */ = {isa = PBXFileReference; lastKnownFileType = folder.assetcatalog; path = "Preview Assets.xcassets"; sourceTree = "<group>"; };
		A3D98B7724FA83F4003ED12E /* Base */ = {isa = PBXFileReference; lastKnownFileType = file.storyboard; name = Base; path = Base.lproj/LaunchScreen.storyboard; sourceTree = "<group>"; };
		A3D98B7924FA83F4003ED12E /* Info.plist */ = {isa = PBXFileReference; lastKnownFileType = text.plist.xml; path = Info.plist; sourceTree = "<group>"; };
		A3D98B7F24FA85F1003ED12E /* HarvestRowView.swift */ = {isa = PBXFileReference; lastKnownFileType = sourcecode.swift; path = HarvestRowView.swift; sourceTree = "<group>"; };
		A3D98B8124FA8691003ED12E /* AddHarvestView.swift */ = {isa = PBXFileReference; lastKnownFileType = sourcecode.swift; path = AddHarvestView.swift; sourceTree = "<group>"; };
		A3EFDB76254591B500D84A61 /* OnboardingView.swift */ = {isa = PBXFileReference; lastKnownFileType = sourcecode.swift; path = OnboardingView.swift; sourceTree = "<group>"; };
		A3EFDB79254591D700D84A61 /* ViewRouter.swift */ = {isa = PBXFileReference; lastKnownFileType = sourcecode.swift; path = ViewRouter.swift; sourceTree = "<group>"; };
		A3EFDB7C2545921200D84A61 /* MotherView.swift */ = {isa = PBXFileReference; lastKnownFileType = sourcecode.swift; path = MotherView.swift; sourceTree = "<group>"; };
		B73BC71BFA6627FB1BA3953B /* Pods-HarvestTracker.debug.xcconfig */ = {isa = PBXFileReference; includeInIndex = 1; lastKnownFileType = text.xcconfig; name = "Pods-HarvestTracker.debug.xcconfig"; path = "Target Support Files/Pods-HarvestTracker/Pods-HarvestTracker.debug.xcconfig"; sourceTree = "<group>"; };
		F7F8D4207FBB68E47F972F7A /* Pods_HarvestTracker.framework */ = {isa = PBXFileReference; explicitFileType = wrapper.framework; includeInIndex = 0; path = Pods_HarvestTracker.framework; sourceTree = BUILT_PRODUCTS_DIR; };
/* End PBXFileReference section */

/* Begin PBXFrameworksBuildPhase section */
		A3D98B6224FA83F0003ED12E /* Frameworks */ = {
			isa = PBXFrameworksBuildPhase;
			buildActionMask = 2147483647;
			files = (
				1367E4C994373516DE695E41 /* Pods_HarvestTracker.framework in Frameworks */,
			);
			runOnlyForDeploymentPostprocessing = 0;
		};
/* End PBXFrameworksBuildPhase section */

/* Begin PBXGroup section */
		1A6BADF3A3F2AE228D5BC2C0 /* Frameworks */ = {
			isa = PBXGroup;
			children = (
				F7F8D4207FBB68E47F972F7A /* Pods_HarvestTracker.framework */,
			);
			name = Frameworks;
			sourceTree = "<group>";
		};
		A32029D524FE74F900DD1643 /* Views */ = {
			isa = PBXGroup;
			children = (
				A3BB4470252DEF3D00A01665 /* FlexibleView */,
				A3C12B2C251CB5810021FAF0 /* BarCharts */,
				A3D98B8124FA8691003ED12E /* AddHarvestView.swift */,
				A30D5BFE24FFC615000073AE /* AddCropView.swift */,
				A3490F2125238622002B7E15 /* AddTagView.swift */,
				A3AB02DC253871A0000783AE /* AnalysisView.swift */,
				A3BEF321253C60D7004409F0 /* CropListFilterView.swift */,
				A36230F024FFBDF800A672FD /* CropListView.swift */,
				A36230F224FFBF6600A672FD /* CropRowView.swift */,
				A3BEF324253C61D2004409F0 /* CropRowFilterView.swift */,
				A3D98B6F24FA83F0003ED12E /* HarvestListView.swift */,
				A3D98B7F24FA85F1003ED12E /* HarvestRowView.swift */,
				A3A739B925011238005A2E5F /* HarvestTotalView.swift */,
				A32CEFE72514D3560085A2EF /* HomeView.swift */,
				A3EFDB7C2545921200D84A61 /* MotherView.swift */,
				A3EFDB76254591B500D84A61 /* OnboardingView.swift */,
				A395A1E925220B340062983D /* SettingsView.swift */,
				A320188D250B9D5A0010943E /* TabNavigationView.swift */,
				A3490F1E252384E2002B7E15 /* TagListView.swift */,
				A3BEF327253C653C004409F0 /* TagListFilterView.swift */,
				A3BEF32A253C6609004409F0 /* TagRowFilterView.swift */,
				2FD077AE2523F6D20086BBDD /* TagView.swift */,
				A3A97F052539AD2B0010E093 /* TagViewCrop.swift */,
			);
			path = Views;
			sourceTree = "<group>";
		};
		A32029D624FE750100DD1643 /* ViewModels */ = {
			isa = PBXGroup;
			children = (
			);
			path = ViewModels;
			sourceTree = "<group>";
		};
		A32029D724FE750700DD1643 /* Models */ = {
			isa = PBXGroup;
			children = (
				A37236D02508F9A400BFF24C /* Crop+CoreDataClass.swift */,
				A37236D12508F9A400BFF24C /* Crop+CoreDataProperties.swift */,
				A37236D22508F9A400BFF24C /* Harvest+CoreDataClass.swift */,
				A37236D32508F9A400BFF24C /* Harvest+CoreDataProperties.swift */,
				A3490F2525238B9C002B7E15 /* Tag+CoreDataClass.swift */,
				A3490F2625238B9C002B7E15 /* Tag+CoreDataProperties.swift */,
				A36230EE24FEE89E00A672FD /* CropDataDefault.swift */,
				A3C12B3E251CC92A0021FAF0 /* HarvestCalculator.swift */,
				A31E05232523520A00448C45 /* UserSettings.swift */,
				A3EFDB79254591D700D84A61 /* ViewRouter.swift */,
			);
			path = Models;
			sourceTree = "<group>";
		};
		A3BB4470252DEF3D00A01665 /* FlexibleView */ = {
			isa = PBXGroup;
			children = (
				A3BB4471252DEF6C00A01665 /* _FlexibleView.swift */,
				A3BB4472252DEF6D00A01665 /* FlexibleView.swift */,
				A3BB4473252DEF6D00A01665 /* SizeReader.swift */,
			);
			path = FlexibleView;
			sourceTree = "<group>";
		};
		A3C12B2C251CB5810021FAF0 /* BarCharts */ = {
			isa = PBXGroup;
			children = (
				A3C12B38251CB60C0021FAF0 /* Helpers.swift */,
				A3C12B33251CB5B80021FAF0 /* BarChartView.swift */,
				A3C12B30251CB5B10021FAF0 /* BarChartRow.swift */,
				A3C12B2D251CB5AE0021FAF0 /* BarChartCell.swift */,
				A3841CE1253F06B80083CE06 /* LabelView.swift */,
			);
			path = BarCharts;
			sourceTree = "<group>";
		};
		A3D98B5C24FA83F0003ED12E = {
			isa = PBXGroup;
			children = (
				A3D98B6724FA83F0003ED12E /* HarvestTracker */,
				A3D98B6624FA83F0003ED12E /* Products */,
				DD9DB990E053962CDCCEE5CB /* Pods */,
				1A6BADF3A3F2AE228D5BC2C0 /* Frameworks */,
			);
			sourceTree = "<group>";
		};
		A3D98B6624FA83F0003ED12E /* Products */ = {
			isa = PBXGroup;
			children = (
				A3D98B6524FA83F0003ED12E /* HarvestTracker.app */,
			);
			name = Products;
			sourceTree = "<group>";
		};
		A3D98B6724FA83F0003ED12E /* HarvestTracker */ = {
			isa = PBXGroup;
			children = (
				A32029D724FE750700DD1643 /* Models */,
				A32029D624FE750100DD1643 /* ViewModels */,
				A32029D524FE74F900DD1643 /* Views */,
				A3D98B6824FA83F0003ED12E /* AppDelegate.swift */,
				A3D98B6A24FA83F0003ED12E /* SceneDelegate.swift */,
				A3D98B7124FA83F4003ED12E /* Assets.xcassets */,
				A3D98B7624FA83F4003ED12E /* LaunchScreen.storyboard */,
				A3D98B7924FA83F4003ED12E /* Info.plist */,
				A3D98B6C24FA83F0003ED12E /* HarvestTracker.xcdatamodeld */,
				A3D98B7324FA83F4003ED12E /* Preview Content */,
			);
			path = HarvestTracker;
			sourceTree = "<group>";
		};
		A3D98B7324FA83F4003ED12E /* Preview Content */ = {
			isa = PBXGroup;
			children = (
				A3D98B7424FA83F4003ED12E /* Preview Assets.xcassets */,
			);
			path = "Preview Content";
			sourceTree = "<group>";
		};
		DD9DB990E053962CDCCEE5CB /* Pods */ = {
			isa = PBXGroup;
			children = (
				B73BC71BFA6627FB1BA3953B /* Pods-HarvestTracker.debug.xcconfig */,
				72E8A5A459D57DFBB3E5462B /* Pods-HarvestTracker.release.xcconfig */,
			);
			path = Pods;
			sourceTree = "<group>";
		};
/* End PBXGroup section */

/* Begin PBXNativeTarget section */
		A3D98B6424FA83F0003ED12E /* HarvestTracker */ = {
			isa = PBXNativeTarget;
			buildConfigurationList = A3D98B7C24FA83F4003ED12E /* Build configuration list for PBXNativeTarget "HarvestTracker" */;
			buildPhases = (
				67855C0D79550E357E662800 /* [CP] Check Pods Manifest.lock */,
				A3D98B6124FA83F0003ED12E /* Sources */,
				A3D98B6224FA83F0003ED12E /* Frameworks */,
				A3D98B6324FA83F0003ED12E /* Resources */,
				05B8E5C58323B2F2C8BF5595 /* [CP] Embed Pods Frameworks */,
			);
			buildRules = (
			);
			dependencies = (
			);
			name = HarvestTracker;
			packageProductDependencies = (
			);
			productName = HarvestTracker;
			productReference = A3D98B6524FA83F0003ED12E /* HarvestTracker.app */;
			productType = "com.apple.product-type.application";
		};
/* End PBXNativeTarget section */

/* Begin PBXProject section */
		A3D98B5D24FA83F0003ED12E /* Project object */ = {
			isa = PBXProject;
			attributes = {
				LastSwiftUpdateCheck = 1160;
				LastUpgradeCheck = 1200;
				ORGANIZATIONNAME = "Luke Browne";
				TargetAttributes = {
					A3D98B6424FA83F0003ED12E = {
						CreatedOnToolsVersion = 11.6;
					};
				};
			};
			buildConfigurationList = A3D98B6024FA83F0003ED12E /* Build configuration list for PBXProject "HarvestTracker" */;
			compatibilityVersion = "Xcode 9.3";
			developmentRegion = en;
			hasScannedForEncodings = 0;
			knownRegions = (
				en,
				Base,
			);
			mainGroup = A3D98B5C24FA83F0003ED12E;
			packageReferences = (
			);
			productRefGroup = A3D98B6624FA83F0003ED12E /* Products */;
			projectDirPath = "";
			projectRoot = "";
			targets = (
				A3D98B6424FA83F0003ED12E /* HarvestTracker */,
			);
		};
/* End PBXProject section */

/* Begin PBXResourcesBuildPhase section */
		A3D98B6324FA83F0003ED12E /* Resources */ = {
			isa = PBXResourcesBuildPhase;
			buildActionMask = 2147483647;
			files = (
				A3D98B7824FA83F4003ED12E /* LaunchScreen.storyboard in Resources */,
				A3D98B7524FA83F4003ED12E /* Preview Assets.xcassets in Resources */,
				A3D98B7224FA83F4003ED12E /* Assets.xcassets in Resources */,
			);
			runOnlyForDeploymentPostprocessing = 0;
		};
/* End PBXResourcesBuildPhase section */

/* Begin PBXShellScriptBuildPhase section */
		05B8E5C58323B2F2C8BF5595 /* [CP] Embed Pods Frameworks */ = {
			isa = PBXShellScriptBuildPhase;
			buildActionMask = 2147483647;
			files = (
			);
			inputFileListPaths = (
				"${PODS_ROOT}/Target Support Files/Pods-HarvestTracker/Pods-HarvestTracker-frameworks-${CONFIGURATION}-input-files.xcfilelist",
			);
			name = "[CP] Embed Pods Frameworks";
			outputFileListPaths = (
				"${PODS_ROOT}/Target Support Files/Pods-HarvestTracker/Pods-HarvestTracker-frameworks-${CONFIGURATION}-output-files.xcfilelist",
			);
			runOnlyForDeploymentPostprocessing = 0;
			shellPath = /bin/sh;
			shellScript = "\"${PODS_ROOT}/Target Support Files/Pods-HarvestTracker/Pods-HarvestTracker-frameworks.sh\"\n";
			showEnvVarsInLog = 0;
		};
		67855C0D79550E357E662800 /* [CP] Check Pods Manifest.lock */ = {
			isa = PBXShellScriptBuildPhase;
			buildActionMask = 2147483647;
			files = (
			);
			inputFileListPaths = (
			);
			inputPaths = (
				"${PODS_PODFILE_DIR_PATH}/Podfile.lock",
				"${PODS_ROOT}/Manifest.lock",
			);
			name = "[CP] Check Pods Manifest.lock";
			outputFileListPaths = (
			);
			outputPaths = (
				"$(DERIVED_FILE_DIR)/Pods-HarvestTracker-checkManifestLockResult.txt",
			);
			runOnlyForDeploymentPostprocessing = 0;
			shellPath = /bin/sh;
			shellScript = "diff \"${PODS_PODFILE_DIR_PATH}/Podfile.lock\" \"${PODS_ROOT}/Manifest.lock\" > /dev/null\nif [ $? != 0 ] ; then\n    # print error to STDERR\n    echo \"error: The sandbox is not in sync with the Podfile.lock. Run 'pod install' or update your CocoaPods installation.\" >&2\n    exit 1\nfi\n# This output is used by Xcode 'outputs' to avoid re-running this script phase.\necho \"SUCCESS\" > \"${SCRIPT_OUTPUT_FILE_0}\"\n";
			showEnvVarsInLog = 0;
		};
/* End PBXShellScriptBuildPhase section */

/* Begin PBXSourcesBuildPhase section */
		A3D98B6124FA83F0003ED12E /* Sources */ = {
			isa = PBXSourcesBuildPhase;
			buildActionMask = 2147483647;
			files = (
				A3A97F062539AD2B0010E093 /* TagViewCrop.swift in Sources */,
				A3EFDB7D2545921200D84A61 /* MotherView.swift in Sources */,
				A3BEF328253C653C004409F0 /* TagListFilterView.swift in Sources */,
				A30D5BFF24FFC615000073AE /* AddCropView.swift in Sources */,
				A3D98B6924FA83F0003ED12E /* AppDelegate.swift in Sources */,
				A3BEF322253C60D7004409F0 /* CropListFilterView.swift in Sources */,
				A3EFDB7A254591D700D84A61 /* ViewRouter.swift in Sources */,
				A36230F124FFBDF800A672FD /* CropListView.swift in Sources */,
				A3C12B31251CB5B10021FAF0 /* BarChartRow.swift in Sources */,
				A3D98B8224FA8691003ED12E /* AddHarvestView.swift in Sources */,
				A3490F2225238622002B7E15 /* AddTagView.swift in Sources */,
				A3D98B6B24FA83F0003ED12E /* SceneDelegate.swift in Sources */,
				A32CEFE82514D3560085A2EF /* HomeView.swift in Sources */,
				A37236D62508F9A400BFF24C /* Harvest+CoreDataClass.swift in Sources */,
				A37236D72508F9A400BFF24C /* Harvest+CoreDataProperties.swift in Sources */,
				A3EFDB77254591B500D84A61 /* OnboardingView.swift in Sources */,
				A395A1EA25220B340062983D /* SettingsView.swift in Sources */,
				A3490F2725238B9C002B7E15 /* Tag+CoreDataClass.swift in Sources */,
				A3A739BA25011238005A2E5F /* HarvestTotalView.swift in Sources */,
				A3BEF325253C61D2004409F0 /* CropRowFilterView.swift in Sources */,
				A3BB4474252DEF6D00A01665 /* _FlexibleView.swift in Sources */,
				2FD077AF2523F6D20086BBDD /* TagView.swift in Sources */,
				A36230F324FFBF6600A672FD /* CropRowView.swift in Sources */,
				A3C12B34251CB5B80021FAF0 /* BarChartView.swift in Sources */,
				A31E05242523520A00448C45 /* UserSettings.swift in Sources */,
				A3490F1F252384E2002B7E15 /* TagListView.swift in Sources */,
				A37236D42508F9A400BFF24C /* Crop+CoreDataClass.swift in Sources */,
				A3BEF32B253C6609004409F0 /* TagRowFilterView.swift in Sources */,
				A3D98B8024FA85F1003ED12E /* HarvestRowView.swift in Sources */,
				A3BB4475252DEF6D00A01665 /* FlexibleView.swift in Sources */,
				A3C12B39251CB60C0021FAF0 /* Helpers.swift in Sources */,
				A37236D52508F9A400BFF24C /* Crop+CoreDataProperties.swift in Sources */,
				A3D98B7024FA83F0003ED12E /* HarvestListView.swift in Sources */,
				A3BB4476252DEF6D00A01665 /* SizeReader.swift in Sources */,
				A320188E250B9D5A0010943E /* TabNavigationView.swift in Sources */,
				A3C12B3F251CC92A0021FAF0 /* HarvestCalculator.swift in Sources */,
				A3490F2825238B9C002B7E15 /* Tag+CoreDataProperties.swift in Sources */,
				A3D98B6E24FA83F0003ED12E /* HarvestTracker.xcdatamodeld in Sources */,
				A3841CE2253F06B80083CE06 /* LabelView.swift in Sources */,
				A36230EF24FEE89E00A672FD /* CropDataDefault.swift in Sources */,
				A3AB02DD253871A0000783AE /* AnalysisView.swift in Sources */,
				A3C12B2E251CB5AE0021FAF0 /* BarChartCell.swift in Sources */,
			);
			runOnlyForDeploymentPostprocessing = 0;
		};
/* End PBXSourcesBuildPhase section */

/* Begin PBXVariantGroup section */
		A3D98B7624FA83F4003ED12E /* LaunchScreen.storyboard */ = {
			isa = PBXVariantGroup;
			children = (
				A3D98B7724FA83F4003ED12E /* Base */,
			);
			name = LaunchScreen.storyboard;
			sourceTree = "<group>";
		};
/* End PBXVariantGroup section */

/* Begin XCBuildConfiguration section */
		A3D98B7A24FA83F4003ED12E /* Debug */ = {
			isa = XCBuildConfiguration;
			buildSettings = {
				ALWAYS_SEARCH_USER_PATHS = NO;
				CLANG_ANALYZER_NONNULL = YES;
				CLANG_ANALYZER_NUMBER_OBJECT_CONVERSION = YES_AGGRESSIVE;
				CLANG_CXX_LANGUAGE_STANDARD = "gnu++14";
				CLANG_CXX_LIBRARY = "libc++";
				CLANG_ENABLE_CODE_COVERAGE = YES;
				CLANG_ENABLE_MODULES = YES;
				CLANG_ENABLE_OBJC_ARC = YES;
				CLANG_ENABLE_OBJC_WEAK = YES;
				CLANG_WARN_BLOCK_CAPTURE_AUTORELEASING = YES;
				CLANG_WARN_BOOL_CONVERSION = YES;
				CLANG_WARN_COMMA = YES;
				CLANG_WARN_CONSTANT_CONVERSION = YES;
				CLANG_WARN_DEPRECATED_OBJC_IMPLEMENTATIONS = YES;
				CLANG_WARN_DIRECT_OBJC_ISA_USAGE = YES_ERROR;
				CLANG_WARN_DOCUMENTATION_COMMENTS = YES;
				CLANG_WARN_EMPTY_BODY = YES;
				CLANG_WARN_ENUM_CONVERSION = YES;
				CLANG_WARN_INFINITE_RECURSION = YES;
				CLANG_WARN_INT_CONVERSION = YES;
				CLANG_WARN_NON_LITERAL_NULL_CONVERSION = YES;
				CLANG_WARN_OBJC_IMPLICIT_RETAIN_SELF = YES;
				CLANG_WARN_OBJC_LITERAL_CONVERSION = YES;
				CLANG_WARN_OBJC_ROOT_CLASS = YES_ERROR;
				CLANG_WARN_QUOTED_INCLUDE_IN_FRAMEWORK_HEADER = YES;
				CLANG_WARN_RANGE_LOOP_ANALYSIS = YES;
				CLANG_WARN_STRICT_PROTOTYPES = YES;
				CLANG_WARN_SUSPICIOUS_MOVE = YES;
				CLANG_WARN_UNGUARDED_AVAILABILITY = YES_AGGRESSIVE;
				CLANG_WARN_UNREACHABLE_CODE = YES;
				CLANG_WARN__DUPLICATE_METHOD_MATCH = YES;
				COPY_PHASE_STRIP = NO;
				DEBUG_INFORMATION_FORMAT = dwarf;
				ENABLE_STRICT_OBJC_MSGSEND = YES;
				ENABLE_TESTABILITY = YES;
				GCC_C_LANGUAGE_STANDARD = gnu11;
				GCC_DYNAMIC_NO_PIC = NO;
				GCC_NO_COMMON_BLOCKS = YES;
				GCC_OPTIMIZATION_LEVEL = 0;
				GCC_PREPROCESSOR_DEFINITIONS = (
					"DEBUG=1",
					"$(inherited)",
				);
				GCC_WARN_64_TO_32_BIT_CONVERSION = YES;
				GCC_WARN_ABOUT_RETURN_TYPE = YES_ERROR;
				GCC_WARN_UNDECLARED_SELECTOR = YES;
				GCC_WARN_UNINITIALIZED_AUTOS = YES_AGGRESSIVE;
				GCC_WARN_UNUSED_FUNCTION = YES;
				GCC_WARN_UNUSED_VARIABLE = YES;
				IPHONEOS_DEPLOYMENT_TARGET = 14.0;
				MTL_ENABLE_DEBUG_INFO = INCLUDE_SOURCE;
				MTL_FAST_MATH = YES;
				ONLY_ACTIVE_ARCH = YES;
				SDKROOT = iphoneos;
				SWIFT_ACTIVE_COMPILATION_CONDITIONS = DEBUG;
				SWIFT_OPTIMIZATION_LEVEL = "-Onone";
			};
			name = Debug;
		};
		A3D98B7B24FA83F4003ED12E /* Release */ = {
			isa = XCBuildConfiguration;
			buildSettings = {
				ALWAYS_SEARCH_USER_PATHS = NO;
				CLANG_ANALYZER_NONNULL = YES;
				CLANG_ANALYZER_NUMBER_OBJECT_CONVERSION = YES_AGGRESSIVE;
				CLANG_CXX_LANGUAGE_STANDARD = "gnu++14";
				CLANG_CXX_LIBRARY = "libc++";
				CLANG_ENABLE_CODE_COVERAGE = YES;
				CLANG_ENABLE_MODULES = YES;
				CLANG_ENABLE_OBJC_ARC = YES;
				CLANG_ENABLE_OBJC_WEAK = YES;
				CLANG_WARN_BLOCK_CAPTURE_AUTORELEASING = YES;
				CLANG_WARN_BOOL_CONVERSION = YES;
				CLANG_WARN_COMMA = YES;
				CLANG_WARN_CONSTANT_CONVERSION = YES;
				CLANG_WARN_DEPRECATED_OBJC_IMPLEMENTATIONS = YES;
				CLANG_WARN_DIRECT_OBJC_ISA_USAGE = YES_ERROR;
				CLANG_WARN_DOCUMENTATION_COMMENTS = YES;
				CLANG_WARN_EMPTY_BODY = YES;
				CLANG_WARN_ENUM_CONVERSION = YES;
				CLANG_WARN_INFINITE_RECURSION = YES;
				CLANG_WARN_INT_CONVERSION = YES;
				CLANG_WARN_NON_LITERAL_NULL_CONVERSION = YES;
				CLANG_WARN_OBJC_IMPLICIT_RETAIN_SELF = YES;
				CLANG_WARN_OBJC_LITERAL_CONVERSION = YES;
				CLANG_WARN_OBJC_ROOT_CLASS = YES_ERROR;
				CLANG_WARN_QUOTED_INCLUDE_IN_FRAMEWORK_HEADER = YES;
				CLANG_WARN_RANGE_LOOP_ANALYSIS = YES;
				CLANG_WARN_STRICT_PROTOTYPES = YES;
				CLANG_WARN_SUSPICIOUS_MOVE = YES;
				CLANG_WARN_UNGUARDED_AVAILABILITY = YES_AGGRESSIVE;
				CLANG_WARN_UNREACHABLE_CODE = YES;
				CLANG_WARN__DUPLICATE_METHOD_MATCH = YES;
				COPY_PHASE_STRIP = NO;
				DEBUG_INFORMATION_FORMAT = "dwarf-with-dsym";
				ENABLE_NS_ASSERTIONS = NO;
				ENABLE_STRICT_OBJC_MSGSEND = YES;
				GCC_C_LANGUAGE_STANDARD = gnu11;
				GCC_NO_COMMON_BLOCKS = YES;
				GCC_WARN_64_TO_32_BIT_CONVERSION = YES;
				GCC_WARN_ABOUT_RETURN_TYPE = YES_ERROR;
				GCC_WARN_UNDECLARED_SELECTOR = YES;
				GCC_WARN_UNINITIALIZED_AUTOS = YES_AGGRESSIVE;
				GCC_WARN_UNUSED_FUNCTION = YES;
				GCC_WARN_UNUSED_VARIABLE = YES;
				IPHONEOS_DEPLOYMENT_TARGET = 14.0;
				MTL_ENABLE_DEBUG_INFO = NO;
				MTL_FAST_MATH = YES;
				SDKROOT = iphoneos;
				SWIFT_COMPILATION_MODE = wholemodule;
				SWIFT_OPTIMIZATION_LEVEL = "-O";
				VALIDATE_PRODUCT = YES;
			};
			name = Release;
		};
		A3D98B7D24FA83F4003ED12E /* Debug */ = {
			isa = XCBuildConfiguration;
			baseConfigurationReference = B73BC71BFA6627FB1BA3953B /* Pods-HarvestTracker.debug.xcconfig */;
			buildSettings = {
				ASSETCATALOG_COMPILER_APPICON_NAME = AppIcon;
				CODE_SIGN_STYLE = Automatic;
				DEVELOPMENT_ASSET_PATHS = "\"HarvestTracker/Preview Content\"";
				DEVELOPMENT_TEAM = EV4FSTVJL4;
				ENABLE_PREVIEWS = YES;
				INFOPLIST_FILE = HarvestTracker/Info.plist;
				IPHONEOS_DEPLOYMENT_TARGET = 14.0;
				LD_RUNPATH_SEARCH_PATHS = (
					"$(inherited)",
					"@executable_path/Frameworks",
				);
				PRODUCT_BUNDLE_IDENTIFIER = com.lukembrowne.HarvestTracker;
				PRODUCT_NAME = "$(TARGET_NAME)";
				SWIFT_VERSION = 5.0;
				TARGETED_DEVICE_FAMILY = "1,2";
			};
			name = Debug;
		};
		A3D98B7E24FA83F4003ED12E /* Release */ = {
			isa = XCBuildConfiguration;
			baseConfigurationReference = 72E8A5A459D57DFBB3E5462B /* Pods-HarvestTracker.release.xcconfig */;
			buildSettings = {
				ASSETCATALOG_COMPILER_APPICON_NAME = AppIcon;
				CODE_SIGN_STYLE = Automatic;
				DEVELOPMENT_ASSET_PATHS = "\"HarvestTracker/Preview Content\"";
				DEVELOPMENT_TEAM = EV4FSTVJL4;
				ENABLE_PREVIEWS = YES;
				INFOPLIST_FILE = HarvestTracker/Info.plist;
				IPHONEOS_DEPLOYMENT_TARGET = 14.0;
				LD_RUNPATH_SEARCH_PATHS = (
					"$(inherited)",
					"@executable_path/Frameworks",
				);
				PRODUCT_BUNDLE_IDENTIFIER = com.lukembrowne.HarvestTracker;
				PRODUCT_NAME = "$(TARGET_NAME)";
				SWIFT_VERSION = 5.0;
				TARGETED_DEVICE_FAMILY = "1,2";
			};
			name = Release;
		};
/* End XCBuildConfiguration section */

/* Begin XCConfigurationList section */
		A3D98B6024FA83F0003ED12E /* Build configuration list for PBXProject "HarvestTracker" */ = {
			isa = XCConfigurationList;
			buildConfigurations = (
				A3D98B7A24FA83F4003ED12E /* Debug */,
				A3D98B7B24FA83F4003ED12E /* Release */,
			);
			defaultConfigurationIsVisible = 0;
			defaultConfigurationName = Release;
		};
		A3D98B7C24FA83F4003ED12E /* Build configuration list for PBXNativeTarget "HarvestTracker" */ = {
			isa = XCConfigurationList;
			buildConfigurations = (
				A3D98B7D24FA83F4003ED12E /* Debug */,
				A3D98B7E24FA83F4003ED12E /* Release */,
			);
			defaultConfigurationIsVisible = 0;
			defaultConfigurationName = Release;
		};
/* End XCConfigurationList section */

/* Begin XCVersionGroup section */
		A3D98B6C24FA83F0003ED12E /* HarvestTracker.xcdatamodeld */ = {
			isa = XCVersionGroup;
			children = (
				A3D98B6D24FA83F0003ED12E /* HarvestTracker.xcdatamodel */,
			);
			currentVersion = A3D98B6D24FA83F0003ED12E /* HarvestTracker.xcdatamodel */;
			path = HarvestTracker.xcdatamodeld;
			sourceTree = "<group>";
			versionGroupType = wrapper.xcdatamodel;
		};
/* End XCVersionGroup section */
	};
	rootObject = A3D98B5D24FA83F0003ED12E /* Project object */;
}
