// !$*UTF8*$!
{
	archiveVersion = 1;
	classes = {
	};
	objectVersion = 50;
	objects = {

/* Begin PBXBuildFile section */
		A3D98B6924FA83F0003ED12E /* AppDelegate.swift in Sources */ = {isa = PBXBuildFile; fileRef = A3D98B6824FA83F0003ED12E /* AppDelegate.swift */; };
		A3D98B6B24FA83F0003ED12E /* SceneDelegate.swift in Sources */ = {isa = PBXBuildFile; fileRef = A3D98B6A24FA83F0003ED12E /* SceneDelegate.swift */; };
		A3D98B6E24FA83F0003ED12E /* HarvestTracker.xcdatamodeld in Sources */ = {isa = PBXBuildFile; fileRef = A3D98B6C24FA83F0003ED12E /* HarvestTracker.xcdatamodeld */; };
		A3D98B7024FA83F0003ED12E /* HarvestList.swift in Sources */ = {isa = PBXBuildFile; fileRef = A3D98B6F24FA83F0003ED12E /* HarvestList.swift */; };
		A3D98B7224FA83F4003ED12E /* Assets.xcassets in Resources */ = {isa = PBXBuildFile; fileRef = A3D98B7124FA83F4003ED12E /* Assets.xcassets */; };
		A3D98B7524FA83F4003ED12E /* Preview Assets.xcassets in Resources */ = {isa = PBXBuildFile; fileRef = A3D98B7424FA83F4003ED12E /* Preview Assets.xcassets */; };
		A3D98B7824FA83F4003ED12E /* LaunchScreen.storyboard in Resources */ = {isa = PBXBuildFile; fileRef = A3D98B7624FA83F4003ED12E /* LaunchScreen.storyboard */; };
		A3D98B8024FA85F1003ED12E /* HarvestRow.swift in Sources */ = {isa = PBXBuildFile; fileRef = A3D98B7F24FA85F1003ED12E /* HarvestRow.swift */; };
		A3D98B8224FA8691003ED12E /* AddHarvest.swift in Sources */ = {isa = PBXBuildFile; fileRef = A3D98B8124FA8691003ED12E /* AddHarvest.swift */; };
/* End PBXBuildFile section */

/* Begin PBXFileReference section */
		A3D98B6524FA83F0003ED12E /* HarvestTracker.app */ = {isa = PBXFileReference; explicitFileType = wrapper.application; includeInIndex = 0; path = HarvestTracker.app; sourceTree = BUILT_PRODUCTS_DIR; };
		A3D98B6824FA83F0003ED12E /* AppDelegate.swift */ = {isa = PBXFileReference; lastKnownFileType = sourcecode.swift; path = AppDelegate.swift; sourceTree = "<group>"; };
		A3D98B6A24FA83F0003ED12E /* SceneDelegate.swift */ = {isa = PBXFileReference; lastKnownFileType = sourcecode.swift; path = SceneDelegate.swift; sourceTree = "<group>"; };
		A3D98B6D24FA83F0003ED12E /* HarvestTracker.xcdatamodel */ = {isa = PBXFileReference; lastKnownFileType = wrapper.xcdatamodel; path = HarvestTracker.xcdatamodel; sourceTree = "<group>"; };
		A3D98B6F24FA83F0003ED12E /* HarvestList.swift */ = {isa = PBXFileReference; lastKnownFileType = sourcecode.swift; path = HarvestList.swift; sourceTree = "<group>"; };
		A3D98B7124FA83F4003ED12E /* Assets.xcassets */ = {isa = PBXFileReference; lastKnownFileType = folder.assetcatalog; path = Assets.xcassets; sourceTree = "<group>"; };
		A3D98B7424FA83F4003ED12E /* Preview Assets.xcassets */ = {isa = PBXFileReference; lastKnownFileType = folder.assetcatalog; path = "Preview Assets.xcassets"; sourceTree = "<group>"; };
		A3D98B7724FA83F4003ED12E /* Base */ = {isa = PBXFileReference; lastKnownFileType = file.storyboard; name = Base; path = Base.lproj/LaunchScreen.storyboard; sourceTree = "<group>"; };
		A3D98B7924FA83F4003ED12E /* Info.plist */ = {isa = PBXFileReference; lastKnownFileType = text.plist.xml; path = Info.plist; sourceTree = "<group>"; };
		A3D98B7F24FA85F1003ED12E /* HarvestRow.swift */ = {isa = PBXFileReference; lastKnownFileType = sourcecode.swift; path = HarvestRow.swift; sourceTree = "<group>"; };
		A3D98B8124FA8691003ED12E /* AddHarvest.swift */ = {isa = PBXFileReference; lastKnownFileType = sourcecode.swift; path = AddHarvest.swift; sourceTree = "<group>"; };
/* End PBXFileReference section */

/* Begin PBXFrameworksBuildPhase section */
		A3D98B6224FA83F0003ED12E /* Frameworks */ = {
			isa = PBXFrameworksBuildPhase;
			buildActionMask = 2147483647;
			files = (
			);
			runOnlyForDeploymentPostprocessing = 0;
		};
/* End PBXFrameworksBuildPhase section */

/* Begin PBXGroup section */
		A3D98B5C24FA83F0003ED12E = {
			isa = PBXGroup;
			children = (
				A3D98B6724FA83F0003ED12E /* HarvestTracker */,
				A3D98B6624FA83F0003ED12E /* Products */,
			);
			sourceTree = "<group>";
		};
		A3D98B6624FA83F0003ED12E /* Products */ = {
			isa = PBXGroup;
			children = (
				A3D98B6524FA83F0003ED12E /* HarvestTracker.app */,
			);
			name = Products;
			sourceTree = "<group>";
		};
		A3D98B6724FA83F0003ED12E /* HarvestTracker */ = {
			isa = PBXGroup;
			children = (
				A3D98B6824FA83F0003ED12E /* AppDelegate.swift */,
				A3D98B6A24FA83F0003ED12E /* SceneDelegate.swift */,
				A3D98B6F24FA83F0003ED12E /* HarvestList.swift */,
				A3D98B7F24FA85F1003ED12E /* HarvestRow.swift */,
				A3D98B8124FA8691003ED12E /* AddHarvest.swift */,
				A3D98B7124FA83F4003ED12E /* Assets.xcassets */,
				A3D98B7624FA83F4003ED12E /* LaunchScreen.storyboard */,
				A3D98B7924FA83F4003ED12E /* Info.plist */,
				A3D98B6C24FA83F0003ED12E /* HarvestTracker.xcdatamodeld */,
				A3D98B7324FA83F4003ED12E /* Preview Content */,
			);
			path = HarvestTracker;
			sourceTree = "<group>";
		};
		A3D98B7324FA83F4003ED12E /* Preview Content */ = {
			isa = PBXGroup;
			children = (
				A3D98B7424FA83F4003ED12E /* Preview Assets.xcassets */,
			);
			path = "Preview Content";
			sourceTree = "<group>";
		};
/* End PBXGroup section */

/* Begin PBXNativeTarget section */
		A3D98B6424FA83F0003ED12E /* HarvestTracker */ = {
			isa = PBXNativeTarget;
			buildConfigurationList = A3D98B7C24FA83F4003ED12E /* Build configuration list for PBXNativeTarget "HarvestTracker" */;
			buildPhases = (
				A3D98B6124FA83F0003ED12E /* Sources */,
				A3D98B6224FA83F0003ED12E /* Frameworks */,
				A3D98B6324FA83F0003ED12E /* Resources */,
			);
			buildRules = (
			);
			dependencies = (
			);
			name = HarvestTracker;
			productName = HarvestTracker;
			productReference = A3D98B6524FA83F0003ED12E /* HarvestTracker.app */;
			productType = "com.apple.product-type.application";
		};
/* End PBXNativeTarget section */

/* Begin PBXProject section */
		A3D98B5D24FA83F0003ED12E /* Project object */ = {
			isa = PBXProject;
			attributes = {
				LastSwiftUpdateCheck = 1160;
				LastUpgradeCheck = 1160;
				ORGANIZATIONNAME = "Luke Browne";
				TargetAttributes = {
					A3D98B6424FA83F0003ED12E = {
						CreatedOnToolsVersion = 11.6;
					};
				};
			};
			buildConfigurationList = A3D98B6024FA83F0003ED12E /* Build configuration list for PBXProject "HarvestTracker" */;
			compatibilityVersion = "Xcode 9.3";
			developmentRegion = en;
			hasScannedForEncodings = 0;
			knownRegions = (
				en,
				Base,
			);
			mainGroup = A3D98B5C24FA83F0003ED12E;
			productRefGroup = A3D98B6624FA83F0003ED12E /* Products */;
			projectDirPath = "";
			projectRoot = "";
			targets = (
				A3D98B6424FA83F0003ED12E /* HarvestTracker */,
			);
		};
/* End PBXProject section */

/* Begin PBXResourcesBuildPhase section */
		A3D98B6324FA83F0003ED12E /* Resources */ = {
			isa = PBXResourcesBuildPhase;
			buildActionMask = 2147483647;
			files = (
				A3D98B7824FA83F4003ED12E /* LaunchScreen.storyboard in Resources */,
				A3D98B7524FA83F4003ED12E /* Preview Assets.xcassets in Resources */,
				A3D98B7224FA83F4003ED12E /* Assets.xcassets in Resources */,
			);
			runOnlyForDeploymentPostprocessing = 0;
		};
/* End PBXResourcesBuildPhase section */

/* Begin PBXSourcesBuildPhase section */
		A3D98B6124FA83F0003ED12E /* Sources */ = {
			isa = PBXSourcesBuildPhase;
			buildActionMask = 2147483647;
			files = (
				A3D98B6924FA83F0003ED12E /* AppDelegate.swift in Sources */,
				A3D98B8224FA8691003ED12E /* AddHarvest.swift in Sources */,
				A3D98B6B24FA83F0003ED12E /* SceneDelegate.swift in Sources */,
				A3D98B8024FA85F1003ED12E /* HarvestRow.swift in Sources */,
				A3D98B7024FA83F0003ED12E /* HarvestList.swift in Sources */,
				A3D98B6E24FA83F0003ED12E /* HarvestTracker.xcdatamodeld in Sources */,
			);
			runOnlyForDeploymentPostprocessing = 0;
		};
/* End PBXSourcesBuildPhase section */

/* Begin PBXVariantGroup section */
		A3D98B7624FA83F4003ED12E /* LaunchScreen.storyboard */ = {
			isa = PBXVariantGroup;
			children = (
				A3D98B7724FA83F4003ED12E /* Base */,
			);
			name = LaunchScreen.storyboard;
			sourceTree = "<group>";
		};
/* End PBXVariantGroup section */

/* Begin XCBuildConfiguration section */
		A3D98B7A24FA83F4003ED12E /* Debug */ = {
			isa = XCBuildConfiguration;
			buildSettings = {
				ALWAYS_SEARCH_USER_PATHS = NO;
				CLANG_ANALYZER_NONNULL = YES;
				CLANG_ANALYZER_NUMBER_OBJECT_CONVERSION = YES_AGGRESSIVE;
				CLANG_CXX_LANGUAGE_STANDARD = "gnu++14";
				CLANG_CXX_LIBRARY = "libc++";
				CLANG_ENABLE_MODULES = YES;
				CLANG_ENABLE_OBJC_ARC = YES;
				CLANG_ENABLE_OBJC_WEAK = YES;
				CLANG_WARN_BLOCK_CAPTURE_AUTORELEASING = YES;
				CLANG_WARN_BOOL_CONVERSION = YES;
				CLANG_WARN_COMMA = YES;
				CLANG_WARN_CONSTANT_CONVERSION = YES;
				CLANG_WARN_DEPRECATED_OBJC_IMPLEMENTATIONS = YES;
				CLANG_WARN_DIRECT_OBJC_ISA_USAGE = YES_ERROR;
				CLANG_WARN_DOCUMENTATION_COMMENTS = YES;
				CLANG_WARN_EMPTY_BODY = YES;
				CLANG_WARN_ENUM_CONVERSION = YES;
				CLANG_WARN_INFINITE_RECURSION = YES;
				CLANG_WARN_INT_CONVERSION = YES;
				CLANG_WARN_NON_LITERAL_NULL_CONVERSION = YES;
				CLANG_WARN_OBJC_IMPLICIT_RETAIN_SELF = YES;
				CLANG_WARN_OBJC_LITERAL_CONVERSION = YES;
				CLANG_WARN_OBJC_ROOT_CLASS = YES_ERROR;
				CLANG_WARN_RANGE_LOOP_ANALYSIS = YES;
				CLANG_WARN_STRICT_PROTOTYPES = YES;
				CLANG_WARN_SUSPICIOUS_MOVE = YES;
				CLANG_WARN_UNGUARDED_AVAILABILITY = YES_AGGRESSIVE;
				CLANG_WARN_UNREACHABLE_CODE = YES;
				CLANG_WARN__DUPLICATE_METHOD_MATCH = YES;
				COPY_PHASE_STRIP = NO;
				DEBUG_INFORMATION_FORMAT = dwarf;
				ENABLE_STRICT_OBJC_MSGSEND = YES;
				ENABLE_TESTABILITY = YES;
				GCC_C_LANGUAGE_STANDARD = gnu11;
				GCC_DYNAMIC_NO_PIC = NO;
				GCC_NO_COMMON_BLOCKS = YES;
				GCC_OPTIMIZATION_LEVEL = 0;
				GCC_PREPROCESSOR_DEFINITIONS = (
					"DEBUG=1",
					"$(inherited)",
				);
				GCC_WARN_64_TO_32_BIT_CONVERSION = YES;
				GCC_WARN_ABOUT_RETURN_TYPE = YES_ERROR;
				GCC_WARN_UNDECLARED_SELECTOR = YES;
				GCC_WARN_UNINITIALIZED_AUTOS = YES_AGGRESSIVE;
				GCC_WARN_UNUSED_FUNCTION = YES;
				GCC_WARN_UNUSED_VARIABLE = YES;
				IPHONEOS_DEPLOYMENT_TARGET = 13.6;
				MTL_ENABLE_DEBUG_INFO = INCLUDE_SOURCE;
				MTL_FAST_MATH = YES;
				ONLY_ACTIVE_ARCH = YES;
				SDKROOT = iphoneos;
				SWIFT_ACTIVE_COMPILATION_CONDITIONS = DEBUG;
				SWIFT_OPTIMIZATION_LEVEL = "-Onone";
			};
			name = Debug;
		};
		A3D98B7B24FA83F4003ED12E /* Release */ = {
			isa = XCBuildConfiguration;
			buildSettings = {
				ALWAYS_SEARCH_USER_PATHS = NO;
				CLANG_ANALYZER_NONNULL = YES;
				CLANG_ANALYZER_NUMBER_OBJECT_CONVERSION = YES_AGGRESSIVE;
				CLANG_CXX_LANGUAGE_STANDARD = "gnu++14";
				CLANG_CXX_LIBRARY = "libc++";
				CLANG_ENABLE_MODULES = YES;
				CLANG_ENABLE_OBJC_ARC = YES;
				CLANG_ENABLE_OBJC_WEAK = YES;
				CLANG_WARN_BLOCK_CAPTURE_AUTORELEASING = YES;
				CLANG_WARN_BOOL_CONVERSION = YES;
				CLANG_WARN_COMMA = YES;
				CLANG_WARN_CONSTANT_CONVERSION = YES;
				CLANG_WARN_DEPRECATED_OBJC_IMPLEMENTATIONS = YES;
				CLANG_WARN_DIRECT_OBJC_ISA_USAGE = YES_ERROR;
				CLANG_WARN_DOCUMENTATION_COMMENTS = YES;
				CLANG_WARN_EMPTY_BODY = YES;
				CLANG_WARN_ENUM_CONVERSION = YES;
				CLANG_WARN_INFINITE_RECURSION = YES;
				CLANG_WARN_INT_CONVERSION = YES;
				CLANG_WARN_NON_LITERAL_NULL_CONVERSION = YES;
				CLANG_WARN_OBJC_IMPLICIT_RETAIN_SELF = YES;
				CLANG_WARN_OBJC_LITERAL_CONVERSION = YES;
				CLANG_WARN_OBJC_ROOT_CLASS = YES_ERROR;
				CLANG_WARN_RANGE_LOOP_ANALYSIS = YES;
				CLANG_WARN_STRICT_PROTOTYPES = YES;
				CLANG_WARN_SUSPICIOUS_MOVE = YES;
				CLANG_WARN_UNGUARDED_AVAILABILITY = YES_AGGRESSIVE;
				CLANG_WARN_UNREACHABLE_CODE = YES;
				CLANG_WARN__DUPLICATE_METHOD_MATCH = YES;
				COPY_PHASE_STRIP = NO;
				DEBUG_INFORMATION_FORMAT = "dwarf-with-dsym";
				ENABLE_NS_ASSERTIONS = NO;
				ENABLE_STRICT_OBJC_MSGSEND = YES;
				GCC_C_LANGUAGE_STANDARD = gnu11;
				GCC_NO_COMMON_BLOCKS = YES;
				GCC_WARN_64_TO_32_BIT_CONVERSION = YES;
				GCC_WARN_ABOUT_RETURN_TYPE = YES_ERROR;
				GCC_WARN_UNDECLARED_SELECTOR = YES;
				GCC_WARN_UNINITIALIZED_AUTOS = YES_AGGRESSIVE;
				GCC_WARN_UNUSED_FUNCTION = YES;
				GCC_WARN_UNUSED_VARIABLE = YES;
				IPHONEOS_DEPLOYMENT_TARGET = 13.6;
				MTL_ENABLE_DEBUG_INFO = NO;
				MTL_FAST_MATH = YES;
				SDKROOT = iphoneos;
				SWIFT_COMPILATION_MODE = wholemodule;
				SWIFT_OPTIMIZATION_LEVEL = "-O";
				VALIDATE_PRODUCT = YES;
			};
			name = Release;
		};
		A3D98B7D24FA83F4003ED12E /* Debug */ = {
			isa = XCBuildConfiguration;
			buildSettings = {
				ASSETCATALOG_COMPILER_APPICON_NAME = AppIcon;
				CODE_SIGN_STYLE = Automatic;
				DEVELOPMENT_ASSET_PATHS = "\"HarvestTracker/Preview Content\"";
				DEVELOPMENT_TEAM = EV4FSTVJL4;
				ENABLE_PREVIEWS = YES;
				INFOPLIST_FILE = HarvestTracker/Info.plist;
				LD_RUNPATH_SEARCH_PATHS = (
					"$(inherited)",
					"@executable_path/Frameworks",
				);
				PRODUCT_BUNDLE_IDENTIFIER = com.lukembrowne.HarvestTracker;
				PRODUCT_NAME = "$(TARGET_NAME)";
				SWIFT_VERSION = 5.0;
				TARGETED_DEVICE_FAMILY = "1,2";
			};
			name = Debug;
		};
		A3D98B7E24FA83F4003ED12E /* Release */ = {
			isa = XCBuildConfiguration;
			buildSettings = {
				ASSETCATALOG_COMPILER_APPICON_NAME = AppIcon;
				CODE_SIGN_STYLE = Automatic;
				DEVELOPMENT_ASSET_PATHS = "\"HarvestTracker/Preview Content\"";
				DEVELOPMENT_TEAM = EV4FSTVJL4;
				ENABLE_PREVIEWS = YES;
				INFOPLIST_FILE = HarvestTracker/Info.plist;
				LD_RUNPATH_SEARCH_PATHS = (
					"$(inherited)",
					"@executable_path/Frameworks",
				);
				PRODUCT_BUNDLE_IDENTIFIER = com.lukembrowne.HarvestTracker;
				PRODUCT_NAME = "$(TARGET_NAME)";
				SWIFT_VERSION = 5.0;
				TARGETED_DEVICE_FAMILY = "1,2";
			};
			name = Release;
		};
/* End XCBuildConfiguration section */

/* Begin XCConfigurationList section */
		A3D98B6024FA83F0003ED12E /* Build configuration list for PBXProject "HarvestTracker" */ = {
			isa = XCConfigurationList;
			buildConfigurations = (
				A3D98B7A24FA83F4003ED12E /* Debug */,
				A3D98B7B24FA83F4003ED12E /* Release */,
			);
			defaultConfigurationIsVisible = 0;
			defaultConfigurationName = Release;
		};
		A3D98B7C24FA83F4003ED12E /* Build configuration list for PBXNativeTarget "HarvestTracker" */ = {
			isa = XCConfigurationList;
			buildConfigurations = (
				A3D98B7D24FA83F4003ED12E /* Debug */,
				A3D98B7E24FA83F4003ED12E /* Release */,
			);
			defaultConfigurationIsVisible = 0;
			defaultConfigurationName = Release;
		};
/* End XCConfigurationList section */

/* Begin XCVersionGroup section */
		A3D98B6C24FA83F0003ED12E /* HarvestTracker.xcdatamodeld */ = {
			isa = XCVersionGroup;
			children = (
				A3D98B6D24FA83F0003ED12E /* HarvestTracker.xcdatamodel */,
			);
			currentVersion = A3D98B6D24FA83F0003ED12E /* HarvestTracker.xcdatamodel */;
			path = HarvestTracker.xcdatamodeld;
			sourceTree = "<group>";
			versionGroupType = wrapper.xcdatamodel;
		};
/* End XCVersionGroup section */
	};
	rootObject = A3D98B5D24FA83F0003ED12E /* Project object */;
}
